
Microsoft Visual Studio Solution File, Format Version 12.00
# Visual Studio Version 17
VisualStudioVersion = 17.8.34309.116
MinimumVisualStudioVersion = 10.0.40219.1
Project("{FAE04EC0-301F-11D3-BF4B-00C04F79EFBC}") = "K280_robotic_arm_control", "K280_robotic_arm_control\K280_robotic_arm_control.csproj", "{94CEFD3C-A9A1-48C7-91A8-27F33E437B52}"
EndProject
Global
	GlobalSection(SolutionConfigurationPlatforms) = preSolution
		Debug|Any CPU = Debug|Any CPU
		Release|Any CPU = Release|Any CPU
	EndGlobalSection
	GlobalSection(ProjectConfigurationPlatforms) = postSolution
		{94CEFD3C-A9A1-48C7-91A8-27F33E437B52}.Debug|Any CPU.ActiveCfg = Debug|Any CPU
		{94CEFD3C-A9A1-48C7-91A8-27F33E437B52}.Debug|Any CPU.Build.0 = Debug|Any CPU
		{94CEFD3C-A9A1-48C7-91A8-27F33E437B52}.Release|Any CPU.ActiveCfg = Release|Any CPU
		{94CEFD3C-A9A1-48C7-91A8-27F33E437B52}.Release|Any CPU.Build.0 = Release|Any CPU
	EndGlobalSection
	GlobalSection(SolutionProperties) = preSolution
		HideSolutionNode = FALSE
	EndGlobalSection
	GlobalSection(ExtensibilityGlobals) = postSolution
		SolutionGuid = {EBC9F158-7C56-4FEB-833B-FDC0ABEB7F50}
	EndGlobalSection
EndGlobal
